PODS:
  - SnapKit (4.0.0)
  - SVProgressHUD (2.2.2)

DEPENDENCIES:
  - SnapKit
  - SVProgressHUD

SPEC CHECKSUMS:
  SnapKit: a42d492c16e80209130a3379f73596c3454b7694
  SVProgressHUD: 59b2d3dabacbd051576d21d32293ca7228dc18b0

PODFILE CHECKSUM: 964281b527bd7f8552be41501cd0bf2818d1aa75

COCOAPODS: 1.0.0
